
Microsoft Visual Studio Solution File, Format Version 12.00
# Visual Studio Version 16
VisualStudioVersion = 16.0.35425.106
MinimumVisualStudioVersion = 10.0.40219.1
Project("{8BC9CEB8-8B4A-11D0-8D11-00A0C91BC942}") = "IPcalc", "IPcalc\IPcalc.vcxproj", "{75F322CC-BA95-4DD0-A826-1B11E00E3013}"
EndProject
Project("{8BC9CEB8-8B4A-11D0-8D11-00A0C91BC942}") = "WinSockClient", "WinSockClient\WinSockClient.vcxproj", "{202E2F4B-DC7A-4D41-90BD-C26BA5C20557}"
EndProject
Project("{8BC9CEB8-8B4A-11D0-8D11-00A0C91BC942}") = "WinSockServer", "WinSockServer\WinSockServer.vcxproj", "{19920D9E-8F9B-4B17-9332-EB34FEEBA558}"
EndProject
Project("{8BC9CEB8-8B4A-11D0-8D11-00A0C91BC942}") = "FormatLastError", "FormatLastError\FormatLastError.vcxproj", "{7766C004-6D6F-46D2-8595-89CCD24085A9}"
EndProject
Global
	GlobalSection(SolutionConfigurationPlatforms) = preSolution
		Debug|x64 = Debug|x64
		Debug|x86 = Debug|x86
		Release|x64 = Release|x64
		Release|x86 = Release|x86
	EndGlobalSection
	GlobalSection(ProjectConfigurationPlatforms) = postSolution
		{75F322CC-BA95-4DD0-A826-1B11E00E3013}.Debug|x64.ActiveCfg = Debug|x64
		{75F322CC-BA95-4DD0-A826-1B11E00E3013}.Debug|x64.Build.0 = Debug|x64
		{75F322CC-BA95-4DD0-A826-1B11E00E3013}.Debug|x86.ActiveCfg = Debug|Win32
		{75F322CC-BA95-4DD0-A826-1B11E00E3013}.Debug|x86.Build.0 = Debug|Win32
		{75F322CC-BA95-4DD0-A826-1B11E00E3013}.Release|x64.ActiveCfg = Release|x64
		{75F322CC-BA95-4DD0-A826-1B11E00E3013}.Release|x64.Build.0 = Release|x64
		{75F322CC-BA95-4DD0-A826-1B11E00E3013}.Release|x86.ActiveCfg = Release|Win32
		{75F322CC-BA95-4DD0-A826-1B11E00E3013}.Release|x86.Build.0 = Release|Win32
		{202E2F4B-DC7A-4D41-90BD-C26BA5C20557}.Debug|x64.ActiveCfg = Debug|x64
		{202E2F4B-DC7A-4D41-90BD-C26BA5C20557}.Debug|x64.Build.0 = Debug|x64
		{202E2F4B-DC7A-4D41-90BD-C26BA5C20557}.Debug|x86.ActiveCfg = Debug|Win32
		{202E2F4B-DC7A-4D41-90BD-C26BA5C20557}.Debug|x86.Build.0 = Debug|Win32
		{202E2F4B-DC7A-4D41-90BD-C26BA5C20557}.Release|x64.ActiveCfg = Release|x64
		{202E2F4B-DC7A-4D41-90BD-C26BA5C20557}.Release|x64.Build.0 = Release|x64
		{202E2F4B-DC7A-4D41-90BD-C26BA5C20557}.Release|x86.ActiveCfg = Release|Win32
		{202E2F4B-DC7A-4D41-90BD-C26BA5C20557}.Release|x86.Build.0 = Release|Win32
		{19920D9E-8F9B-4B17-9332-EB34FEEBA558}.Debug|x64.ActiveCfg = Debug|x64
		{19920D9E-8F9B-4B17-9332-EB34FEEBA558}.Debug|x64.Build.0 = Debug|x64
		{19920D9E-8F9B-4B17-9332-EB34FEEBA558}.Debug|x86.ActiveCfg = Debug|Win32
		{19920D9E-8F9B-4B17-9332-EB34FEEBA558}.Debug|x86.Build.0 = Debug|Win32
		{19920D9E-8F9B-4B17-9332-EB34FEEBA558}.Release|x64.ActiveCfg = Release|x64
		{19920D9E-8F9B-4B17-9332-EB34FEEBA558}.Release|x64.Build.0 = Release|x64
		{19920D9E-8F9B-4B17-9332-EB34FEEBA558}.Release|x86.ActiveCfg = Release|Win32
		{19920D9E-8F9B-4B17-9332-EB34FEEBA558}.Release|x86.Build.0 = Release|Win32
		{7766C004-6D6F-46D2-8595-89CCD24085A9}.Debug|x64.ActiveCfg = Debug|x64
		{7766C004-6D6F-46D2-8595-89CCD24085A9}.Debug|x64.Build.0 = Debug|x64
		{7766C004-6D6F-46D2-8595-89CCD24085A9}.Debug|x86.ActiveCfg = Debug|Win32
		{7766C004-6D6F-46D2-8595-89CCD24085A9}.Debug|x86.Build.0 = Debug|Win32
		{7766C004-6D6F-46D2-8595-89CCD24085A9}.Release|x64.ActiveCfg = Release|x64
		{7766C004-6D6F-46D2-8595-89CCD24085A9}.Release|x64.Build.0 = Release|x64
		{7766C004-6D6F-46D2-8595-89CCD24085A9}.Release|x86.ActiveCfg = Release|Win32
		{7766C004-6D6F-46D2-8595-89CCD24085A9}.Release|x86.Build.0 = Release|Win32
	EndGlobalSection
	GlobalSection(SolutionProperties) = preSolution
		HideSolutionNode = FALSE
	EndGlobalSection
	GlobalSection(ExtensibilityGlobals) = postSolution
		SolutionGuid = {68C85482-D23A-4499-8ABF-0DEE8EE78D2A}
	EndGlobalSection
EndGlobal
